
Microsoft Visual Studio Solution File, Format Version 12.00
# Visual Studio Version 17
VisualStudioVersion = 17.6.33815.320
MinimumVisualStudioVersion = 10.0.40219.1
Project("{FAE04EC0-301F-11D3-BF4B-00C04F79EFBC}") = "AjaxEnabledForms", "AjaxEnabledForms\AjaxEnabledForms.csproj", "{1726DA1D-52CB-4843-A247-EA6DB6626FE5}"
EndProject
Global
	GlobalSection(SolutionConfigurationPlatforms) = preSolution
		Debug|Any CPU = Debug|Any CPU
		Release|Any CPU = Release|Any CPU
	EndGlobalSection
	GlobalSection(ProjectConfigurationPlatforms) = postSolution
		{1726DA1D-52CB-4843-A247-EA6DB6626FE5}.Debug|Any CPU.ActiveCfg = Debug|Any CPU
		{1726DA1D-52CB-4843-A247-EA6DB6626FE5}.Debug|Any CPU.Build.0 = Debug|Any CPU
		{1726DA1D-52CB-4843-A247-EA6DB6626FE5}.Release|Any CPU.ActiveCfg = Release|Any CPU
		{1726DA1D-52CB-4843-A247-EA6DB6626FE5}.Release|Any CPU.Build.0 = Release|Any CPU
	EndGlobalSection
	GlobalSection(SolutionProperties) = preSolution
		HideSolutionNode = FALSE
	EndGlobalSection
	GlobalSection(ExtensibilityGlobals) = postSolution
		SolutionGuid = {DE05A421-2617-49C0-9453-F9130008CD9C}
	EndGlobalSection
EndGlobal
